
Microsoft Visual Studio Solution File, Format Version 12.00
# Visual Studio Version 17
VisualStudioVersion = 17.13.35919.96
MinimumVisualStudioVersion = 10.0.40219.1
Project("{FAE04EC0-301F-11D3-BF4B-00C04F79EFBC}") = "PetQuestV1", "PetQuestV1\PetQuestV1\PetQuestV1.csproj", "{CE4DA944-D275-4E19-9FF0-18BC1428D388}"
EndProject
Project("{FAE04EC0-301F-11D3-BF4B-00C04F79EFBC}") = "PetQuestV1.Client", "PetQuestV1\PetQuestV1.Client\PetQuestV1.Client.csproj", "{6B7E9EBB-6DA6-405A-A7F0-021DAD2BB02A}"
EndProject
Project("{FAE04EC0-301F-11D3-BF4B-00C04F79EFBC}") = "CLIDatabaseSetupTool", "CLIDatabaseSetupTool\CLIDatabaseSetupTool.csproj", "{8F1AD99E-7DC1-43BA-8985-17F8B3985B34}"
EndProject
Project("{2150E333-8FDC-42A3-9474-1A3956D46DE8}") = "!Documentation", "!Documentation", "{02EA681E-C7D8-13C7-8484-4AC65E1B71E8}"
	ProjectSection(SolutionItems) = preProject
		..\..\..\Desktop\PetQuestV1 Project Documentation.docx = ..\..\..\Desktop\PetQuestV1 Project Documentation.docx
	EndProjectSection
EndProject
Global
	GlobalSection(SolutionConfigurationPlatforms) = preSolution
		Debug|Any CPU = Debug|Any CPU
		Release|Any CPU = Release|Any CPU
	EndGlobalSection
	GlobalSection(ProjectConfigurationPlatforms) = postSolution
		{CE4DA944-D275-4E19-9FF0-18BC1428D388}.Debug|Any CPU.ActiveCfg = Debug|Any CPU
		{CE4DA944-D275-4E19-9FF0-18BC1428D388}.Debug|Any CPU.Build.0 = Debug|Any CPU
		{CE4DA944-D275-4E19-9FF0-18BC1428D388}.Release|Any CPU.ActiveCfg = Release|Any CPU
		{CE4DA944-D275-4E19-9FF0-18BC1428D388}.Release|Any CPU.Build.0 = Release|Any CPU
		{6B7E9EBB-6DA6-405A-A7F0-021DAD2BB02A}.Debug|Any CPU.ActiveCfg = Debug|Any CPU
		{6B7E9EBB-6DA6-405A-A7F0-021DAD2BB02A}.Debug|Any CPU.Build.0 = Debug|Any CPU
		{6B7E9EBB-6DA6-405A-A7F0-021DAD2BB02A}.Release|Any CPU.ActiveCfg = Release|Any CPU
		{6B7E9EBB-6DA6-405A-A7F0-021DAD2BB02A}.Release|Any CPU.Build.0 = Release|Any CPU
		{8F1AD99E-7DC1-43BA-8985-17F8B3985B34}.Debug|Any CPU.ActiveCfg = Debug|Any CPU
		{8F1AD99E-7DC1-43BA-8985-17F8B3985B34}.Debug|Any CPU.Build.0 = Debug|Any CPU
		{8F1AD99E-7DC1-43BA-8985-17F8B3985B34}.Release|Any CPU.ActiveCfg = Release|Any CPU
		{8F1AD99E-7DC1-43BA-8985-17F8B3985B34}.Release|Any CPU.Build.0 = Release|Any CPU
	EndGlobalSection
	GlobalSection(SolutionProperties) = preSolution
		HideSolutionNode = FALSE
	EndGlobalSection
	GlobalSection(ExtensibilityGlobals) = postSolution
		SolutionGuid = {4049435E-91F3-4B39-AE95-6BC0BDFEEA41}
	EndGlobalSection
EndGlobal
